
Microsoft Visual Studio Solution File, Format Version 12.00
# Visual Studio 15
VisualStudioVersion = 15.0.26228.4
MinimumVisualStudioVersion = 10.0.40219.1
Project("{FAE04EC0-301F-11D3-BF4B-00C04F79EFBC}") = "BodySystemApp", "BodySystemApp\BodySystemApp.csproj", "{176DC1AF-8E8B-4D05-B799-4B003E281272}"
EndProject
Global
	GlobalSection(SolutionConfigurationPlatforms) = preSolution
		Debug|Any CPU = Debug|Any CPU
		Release|Any CPU = Release|Any CPU
	EndGlobalSection
	GlobalSection(ProjectConfigurationPlatforms) = postSolution
		{176DC1AF-8E8B-4D05-B799-4B003E281272}.Debug|Any CPU.ActiveCfg = Debug|Any CPU
		{176DC1AF-8E8B-4D05-B799-4B003E281272}.Debug|Any CPU.Build.0 = Debug|Any CPU
		{176DC1AF-8E8B-4D05-B799-4B003E281272}.Debug|Any CPU.Deploy.0 = Debug|Any CPU
		{176DC1AF-8E8B-4D05-B799-4B003E281272}.Release|Any CPU.ActiveCfg = Release|Any CPU
		{176DC1AF-8E8B-4D05-B799-4B003E281272}.Release|Any CPU.Build.0 = Release|Any CPU
		{176DC1AF-8E8B-4D05-B799-4B003E281272}.Release|Any CPU.Deploy.0 = Release|Any CPU
	EndGlobalSection
	GlobalSection(SolutionProperties) = preSolution
		HideSolutionNode = FALSE
	EndGlobalSection
EndGlobal
